
Microsoft Visual Studio Solution File, Format Version 11.00
# Visual Studio 2010
Project("{FAE04EC0-301F-11D3-BF4B-00C04F79EFBC}") = "Business", "Business\Business.csproj", "{11208F77-6348-4B20-85F1-57B95F0FFC3C}"
EndProject
Global
	GlobalSection(SolutionConfigurationPlatforms) = preSolution
		Debug|Any CPU = Debug|Any CPU
		Release|Any CPU = Release|Any CPU
	EndGlobalSection
	GlobalSection(ProjectConfigurationPlatforms) = postSolution
		{11208F77-6348-4B20-85F1-57B95F0FFC3C}.Debug|Any CPU.ActiveCfg = Debug|Any CPU
		{11208F77-6348-4B20-85F1-57B95F0FFC3C}.Debug|Any CPU.Build.0 = Debug|Any CPU
		{11208F77-6348-4B20-85F1-57B95F0FFC3C}.Release|Any CPU.ActiveCfg = Release|Any CPU
		{11208F77-6348-4B20-85F1-57B95F0FFC3C}.Release|Any CPU.Build.0 = Release|Any CPU
	EndGlobalSection
	GlobalSection(SolutionProperties) = preSolution
		HideSolutionNode = FALSE
	EndGlobalSection
EndGlobal
